
Microsoft Visual Studio Solution File, Format Version 12.00
# Visual Studio Version 17
VisualStudioVersion = 17.6.33815.320
MinimumVisualStudioVersion = 10.0.40219.1
Project("{FAE04EC0-301F-11D3-BF4B-00C04F79EFBC}") = "Blazor", "Blazor.csproj", "{0ECE3C85-7E35-4032-B686-D5104A18E60D}"
EndProject
Global
	GlobalSection(SolutionConfigurationPlatforms) = preSolution
		Debug|Any CPU = Debug|Any CPU
		Release|Any CPU = Release|Any CPU
	EndGlobalSection
	GlobalSection(ProjectConfigurationPlatforms) = postSolution
		{0ECE3C85-7E35-4032-B686-D5104A18E60D}.Debug|Any CPU.ActiveCfg = Debug|Any CPU
		{0ECE3C85-7E35-4032-B686-D5104A18E60D}.Debug|Any CPU.Build.0 = Debug|Any CPU
		{0ECE3C85-7E35-4032-B686-D5104A18E60D}.Release|Any CPU.ActiveCfg = Release|Any CPU
		{0ECE3C85-7E35-4032-B686-D5104A18E60D}.Release|Any CPU.Build.0 = Release|Any CPU
	EndGlobalSection
	GlobalSection(SolutionProperties) = preSolution
		HideSolutionNode = FALSE
	EndGlobalSection
	GlobalSection(ExtensibilityGlobals) = postSolution
		SolutionGuid = {A7574EC5-E0D9-425B-9D31-6EACEA516DEA}
	EndGlobalSection
EndGlobal
